
Microsoft Visual Studio Solution File, Format Version 12.00
# Visual Studio Version 16
VisualStudioVersion = 16.0.30907.101
MinimumVisualStudioVersion = 10.0.40219.1
Project("{FAE04EC0-301F-11D3-BF4B-00C04F79EFBC}") = "GameServer", "GameServer\GameServer.csproj", "{7EFEB5B7-B7DD-41FC-861F-BB0874CFE58B}"
EndProject
Global
	GlobalSection(SolutionConfigurationPlatforms) = preSolution
		Debug|Any CPU = Debug|Any CPU
		Release|Any CPU = Release|Any CPU
	EndGlobalSection
	GlobalSection(ProjectConfigurationPlatforms) = postSolution
		{7EFEB5B7-B7DD-41FC-861F-BB0874CFE58B}.Debug|Any CPU.ActiveCfg = Debug|Any CPU
		{7EFEB5B7-B7DD-41FC-861F-BB0874CFE58B}.Debug|Any CPU.Build.0 = Debug|Any CPU
		{7EFEB5B7-B7DD-41FC-861F-BB0874CFE58B}.Release|Any CPU.ActiveCfg = Release|Any CPU
		{7EFEB5B7-B7DD-41FC-861F-BB0874CFE58B}.Release|Any CPU.Build.0 = Release|Any CPU
	EndGlobalSection
	GlobalSection(SolutionProperties) = preSolution
		HideSolutionNode = FALSE
	EndGlobalSection
	GlobalSection(ExtensibilityGlobals) = postSolution
		SolutionGuid = {B1DD60C1-BC17-4E7F-B896-3A6083A5877C}
	EndGlobalSection
EndGlobal
